
Microsoft Visual Studio Solution File, Format Version 12.00
# Visual Studio 15
Project("{FAE04EC0-301F-11D3-BF4B-00C04F79EFBC}") = "CarReservationSystem", "CarReservationSystem\CarReservationSystem.csproj", "{BBE54D45-935B-4E8D-88E4-FB5BCEEF1745}"
EndProject
Project("{FAE04EC0-301F-11D3-BF4B-00C04F79EFBC}") = "CarReservationSystemTests", "CarReservationSystemTests\CarReservationSystemTests.csproj", "{4AEF3B99-78AF-4E27-B1A4-76B1C7C476CD}"
EndProject
Global
	GlobalSection(SolutionConfigurationPlatforms) = preSolution
		Debug|Any CPU = Debug|Any CPU
		Release|Any CPU = Release|Any CPU
	EndGlobalSection
	GlobalSection(ProjectConfigurationPlatforms) = postSolution
		{BBE54D45-935B-4E8D-88E4-FB5BCEEF1745}.Debug|Any CPU.ActiveCfg = Debug|Any CPU
		{BBE54D45-935B-4E8D-88E4-FB5BCEEF1745}.Debug|Any CPU.Build.0 = Debug|Any CPU
		{BBE54D45-935B-4E8D-88E4-FB5BCEEF1745}.Release|Any CPU.ActiveCfg = Release|Any CPU
		{BBE54D45-935B-4E8D-88E4-FB5BCEEF1745}.Release|Any CPU.Build.0 = Release|Any CPU
		{4AEF3B99-78AF-4E27-B1A4-76B1C7C476CD}.Debug|Any CPU.ActiveCfg = Debug|Any CPU
		{4AEF3B99-78AF-4E27-B1A4-76B1C7C476CD}.Debug|Any CPU.Build.0 = Debug|Any CPU
		{4AEF3B99-78AF-4E27-B1A4-76B1C7C476CD}.Release|Any CPU.ActiveCfg = Release|Any CPU
		{4AEF3B99-78AF-4E27-B1A4-76B1C7C476CD}.Release|Any CPU.Build.0 = Release|Any CPU
	EndGlobalSection
EndGlobal
